
Microsoft Visual Studio Solution File, Format Version 12.00
# Visual Studio Version 17
VisualStudioVersion = 17.12.35527.113 d17.12
MinimumVisualStudioVersion = 10.0.40219.1
Project("{FAE04EC0-301F-11D3-BF4B-00C04F79EFBC}") = "ExampleWorkerService", "ExampleWorkerService\ExampleWorkerService.csproj", "{BE1A464D-BF82-49AF-BD8C-6F2A43DC23BB}"
EndProject
Project("{FAE04EC0-301F-11D3-BF4B-00C04F79EFBC}") = "ExampleWorkerService.AppHost", "ExampleWorkerService.AppHost\ExampleWorkerService.AppHost.csproj", "{C0EBC77B-8DE1-4571-91AF-0C7A90F3ED60}"
EndProject
Project("{FAE04EC0-301F-11D3-BF4B-00C04F79EFBC}") = "ExampleWorkerService.ServiceDefaults", "ExampleWorkerService.ServiceDefaults\ExampleWorkerService.ServiceDefaults.csproj", "{E60735E6-CF63-4195-8B3A-09DBBCED278F}"
EndProject
Global
	GlobalSection(SolutionConfigurationPlatforms) = preSolution
		Debug|Any CPU = Debug|Any CPU
		Release|Any CPU = Release|Any CPU
	EndGlobalSection
	GlobalSection(ProjectConfigurationPlatforms) = postSolution
		{BE1A464D-BF82-49AF-BD8C-6F2A43DC23BB}.Debug|Any CPU.ActiveCfg = Debug|Any CPU
		{BE1A464D-BF82-49AF-BD8C-6F2A43DC23BB}.Debug|Any CPU.Build.0 = Debug|Any CPU
		{BE1A464D-BF82-49AF-BD8C-6F2A43DC23BB}.Release|Any CPU.ActiveCfg = Release|Any CPU
		{BE1A464D-BF82-49AF-BD8C-6F2A43DC23BB}.Release|Any CPU.Build.0 = Release|Any CPU
		{C0EBC77B-8DE1-4571-91AF-0C7A90F3ED60}.Debug|Any CPU.ActiveCfg = Debug|Any CPU
		{C0EBC77B-8DE1-4571-91AF-0C7A90F3ED60}.Debug|Any CPU.Build.0 = Debug|Any CPU
		{C0EBC77B-8DE1-4571-91AF-0C7A90F3ED60}.Release|Any CPU.ActiveCfg = Release|Any CPU
		{C0EBC77B-8DE1-4571-91AF-0C7A90F3ED60}.Release|Any CPU.Build.0 = Release|Any CPU
		{E60735E6-CF63-4195-8B3A-09DBBCED278F}.Debug|Any CPU.ActiveCfg = Debug|Any CPU
		{E60735E6-CF63-4195-8B3A-09DBBCED278F}.Debug|Any CPU.Build.0 = Debug|Any CPU
		{E60735E6-CF63-4195-8B3A-09DBBCED278F}.Release|Any CPU.ActiveCfg = Release|Any CPU
		{E60735E6-CF63-4195-8B3A-09DBBCED278F}.Release|Any CPU.Build.0 = Release|Any CPU
	EndGlobalSection
	GlobalSection(SolutionProperties) = preSolution
		HideSolutionNode = FALSE
	EndGlobalSection
EndGlobal
